
Microsoft Visual Studio Solution File, Format Version 12.00
# Visual Studio Version 17
VisualStudioVersion = 17.2.32526.322
MinimumVisualStudioVersion = 10.0.40219.1
Project("{8BC9CEB8-8B4A-11D0-8D11-00A0C91BC942}") = "Video Object Tracker", "Video Object Tracker\Video Object Tracker.vcxproj", "{6457E2B1-82F6-439D-A70E-1F1193E7B6C6}"
EndProject
Project("{8BC9CEB8-8B4A-11D0-8D11-00A0C91BC942}") = "FFMPEG to SFML Testing", "FFMPEG to SFML Testing\FFMPEG to SFML Testing.vcxproj", "{3C73DBCA-3B14-471F-8C23-2B5553F8294D}"
EndProject
Project("{8BC9CEB8-8B4A-11D0-8D11-00A0C91BC942}") = "Video Object Tracker Optimized", "Video Object Tracker Optimized\Video Object Tracker Optimized.vcxproj", "{D57191CB-48A4-419C-A154-68910AE41117}"
EndProject
Global
	GlobalSection(SolutionConfigurationPlatforms) = preSolution
		Debug|x64 = Debug|x64
		Debug|x86 = Debug|x86
		Release|x64 = Release|x64
		Release|x86 = Release|x86
	EndGlobalSection
	GlobalSection(ProjectConfigurationPlatforms) = postSolution
		{6457E2B1-82F6-439D-A70E-1F1193E7B6C6}.Debug|x64.ActiveCfg = Debug|x64
		{6457E2B1-82F6-439D-A70E-1F1193E7B6C6}.Debug|x64.Build.0 = Debug|x64
		{6457E2B1-82F6-439D-A70E-1F1193E7B6C6}.Debug|x86.ActiveCfg = Debug|Win32
		{6457E2B1-82F6-439D-A70E-1F1193E7B6C6}.Debug|x86.Build.0 = Debug|Win32
		{6457E2B1-82F6-439D-A70E-1F1193E7B6C6}.Release|x64.ActiveCfg = Release|x64
		{6457E2B1-82F6-439D-A70E-1F1193E7B6C6}.Release|x64.Build.0 = Release|x64
		{6457E2B1-82F6-439D-A70E-1F1193E7B6C6}.Release|x86.ActiveCfg = Release|Win32
		{6457E2B1-82F6-439D-A70E-1F1193E7B6C6}.Release|x86.Build.0 = Release|Win32
		{3C73DBCA-3B14-471F-8C23-2B5553F8294D}.Debug|x64.ActiveCfg = Debug|x64
		{3C73DBCA-3B14-471F-8C23-2B5553F8294D}.Debug|x64.Build.0 = Debug|x64
		{3C73DBCA-3B14-471F-8C23-2B5553F8294D}.Debug|x86.ActiveCfg = Debug|Win32
		{3C73DBCA-3B14-471F-8C23-2B5553F8294D}.Debug|x86.Build.0 = Debug|Win32
		{3C73DBCA-3B14-471F-8C23-2B5553F8294D}.Release|x64.ActiveCfg = Release|x64
		{3C73DBCA-3B14-471F-8C23-2B5553F8294D}.Release|x64.Build.0 = Release|x64
		{3C73DBCA-3B14-471F-8C23-2B5553F8294D}.Release|x86.ActiveCfg = Release|Win32
		{3C73DBCA-3B14-471F-8C23-2B5553F8294D}.Release|x86.Build.0 = Release|Win32
		{D57191CB-48A4-419C-A154-68910AE41117}.Debug|x64.ActiveCfg = Debug|x64
		{D57191CB-48A4-419C-A154-68910AE41117}.Debug|x64.Build.0 = Debug|x64
		{D57191CB-48A4-419C-A154-68910AE41117}.Debug|x86.ActiveCfg = Debug|Win32
		{D57191CB-48A4-419C-A154-68910AE41117}.Debug|x86.Build.0 = Debug|Win32
		{D57191CB-48A4-419C-A154-68910AE41117}.Release|x64.ActiveCfg = Release|x64
		{D57191CB-48A4-419C-A154-68910AE41117}.Release|x64.Build.0 = Release|x64
		{D57191CB-48A4-419C-A154-68910AE41117}.Release|x86.ActiveCfg = Release|Win32
		{D57191CB-48A4-419C-A154-68910AE41117}.Release|x86.Build.0 = Release|Win32
	EndGlobalSection
	GlobalSection(SolutionProperties) = preSolution
		HideSolutionNode = FALSE
	EndGlobalSection
	GlobalSection(ExtensibilityGlobals) = postSolution
		SolutionGuid = {02056605-6232-468D-B265-DF752921087A}
	EndGlobalSection
EndGlobal
